# THIS IS AN AUTOGENERATED FILE. DO NOT EDIT THIS FILE DIRECTLY.
# yarn lockfile v1


"@hotwired/stimulus-webpack-helpers@^1.0.0":
  version "1.0.1"
  resolved "https://registry.yarnpkg.com/@hotwired/stimulus-webpack-helpers/-/stimulus-webpack-helpers-1.0.1.tgz#4cd74487adeca576c9865ac2b9fe5cb20cef16dd"
  integrity sha512-wa/zupVG0eWxRYJjC1IiPBdt3Lruv0RqGN+/DTMmUWUyMAEB27KXmVY6a8YpUVTM7QwVuaLNGW4EqDgrS2upXQ==

"@hotwired/stimulus@^3.0.1":
  version "3.0.1"
  resolved "https://registry.yarnpkg.com/@hotwired/stimulus/-/stimulus-3.0.1.tgz#141f15645acaa3b133b7c247cad58ae252ffae85"
  integrity sha512-oHsJhgY2cip+K2ED7vKUNd2P+BEswVhrCYcJ802DSsblJFv7mPFVk3cQKvm2vHgHeDVdnj7oOKrBbzp1u8D+KA==

stimulus@^3.0.1:
  version "3.0.1"
  resolved "https://registry.yarnpkg.com/stimulus/-/stimulus-3.0.1.tgz#370e3054eb3b8068904af1888949821255d375d3"
  integrity sha512-73uZG5E5bwH7W2BldieTXg4yJuEmOfIHgtO/aqwU0JkWNjwY75ZaoOAD2EEPvi5AK43N9adEeOQOmlgWf59HOg==
  dependencies:
    "@hotwired/stimulus" "^3.0.1"
    "@hotwired/stimulus-webpack-helpers" "^1.0.0"
